
Microsoft Visual Studio Solution File, Format Version 12.00
# Visual Studio Version 17
VisualStudioVersion = 17.7.34003.232
MinimumVisualStudioVersion = 10.0.40219.1
Project("{FAE04EC0-301F-11D3-BF4B-00C04F79EFBC}") = "AreaCalculator", "AreaCalculator.csproj", "{899E9B6A-4D79-433E-873E-D05770099D84}"
EndProject
Global
	GlobalSection(SolutionConfigurationPlatforms) = preSolution
		Debug|Any CPU = Debug|Any CPU
		Release|Any CPU = Release|Any CPU
	EndGlobalSection
	GlobalSection(ProjectConfigurationPlatforms) = postSolution
		{899E9B6A-4D79-433E-873E-D05770099D84}.Debug|Any CPU.ActiveCfg = Debug|Any CPU
		{899E9B6A-4D79-433E-873E-D05770099D84}.Debug|Any CPU.Build.0 = Debug|Any CPU
		{899E9B6A-4D79-433E-873E-D05770099D84}.Release|Any CPU.ActiveCfg = Release|Any CPU
		{899E9B6A-4D79-433E-873E-D05770099D84}.Release|Any CPU.Build.0 = Release|Any CPU
	EndGlobalSection
	GlobalSection(SolutionProperties) = preSolution
		HideSolutionNode = FALSE
	EndGlobalSection
	GlobalSection(ExtensibilityGlobals) = postSolution
		SolutionGuid = {D3D2D92E-4832-4E13-8379-81852DCB88B0}
	EndGlobalSection
EndGlobal
